
Microsoft Visual Studio Solution File, Format Version 12.00
# Visual Studio Version 16
VisualStudioVersion = 16.0.31112.23
MinimumVisualStudioVersion = 10.0.40219.1
Project("{FAE04EC0-301F-11D3-BF4B-00C04F79EFBC}") = "ServoAndEncoderHello_FrontEnd", "ServoAndEncoderHello_FrontEnd.csproj", "{EAE66791-1EE5-41B6-A035-920BF48F1EF1}"
EndProject
Global
	GlobalSection(SolutionConfigurationPlatforms) = preSolution
		Debug|Any CPU = Debug|Any CPU
		Release|Any CPU = Release|Any CPU
	EndGlobalSection
	GlobalSection(ProjectConfigurationPlatforms) = postSolution
		{EAE66791-1EE5-41B6-A035-920BF48F1EF1}.Debug|Any CPU.ActiveCfg = Debug|Any CPU
		{EAE66791-1EE5-41B6-A035-920BF48F1EF1}.Debug|Any CPU.Build.0 = Debug|Any CPU
		{EAE66791-1EE5-41B6-A035-920BF48F1EF1}.Release|Any CPU.ActiveCfg = Release|Any CPU
		{EAE66791-1EE5-41B6-A035-920BF48F1EF1}.Release|Any CPU.Build.0 = Release|Any CPU
	EndGlobalSection
	GlobalSection(SolutionProperties) = preSolution
		HideSolutionNode = FALSE
	EndGlobalSection
	GlobalSection(ExtensibilityGlobals) = postSolution
		SolutionGuid = {0C79D876-36D4-4287-9A03-32A3E4D2BEE0}
	EndGlobalSection
EndGlobal
